
Microsoft Visual Studio Solution File, Format Version 12.00
# Visual Studio Version 16
VisualStudioVersion = 16.0.32002.261
MinimumVisualStudioVersion = 10.0.40219.1
Project("{FAE04EC0-301F-11D3-BF4B-00C04F79EFBC}") = "WaterProject", "WaterProject\WaterProject.csproj", "{95847E01-8E6B-408D-80A1-77F98EE73156}"
EndProject
Global
	GlobalSection(SolutionConfigurationPlatforms) = preSolution
		Debug|Any CPU = Debug|Any CPU
		Release|Any CPU = Release|Any CPU
	EndGlobalSection
	GlobalSection(ProjectConfigurationPlatforms) = postSolution
		{95847E01-8E6B-408D-80A1-77F98EE73156}.Debug|Any CPU.ActiveCfg = Debug|Any CPU
		{95847E01-8E6B-408D-80A1-77F98EE73156}.Debug|Any CPU.Build.0 = Debug|Any CPU
		{95847E01-8E6B-408D-80A1-77F98EE73156}.Release|Any CPU.ActiveCfg = Release|Any CPU
		{95847E01-8E6B-408D-80A1-77F98EE73156}.Release|Any CPU.Build.0 = Release|Any CPU
	EndGlobalSection
	GlobalSection(SolutionProperties) = preSolution
		HideSolutionNode = FALSE
	EndGlobalSection
	GlobalSection(ExtensibilityGlobals) = postSolution
		SolutionGuid = {8BBA40D3-1FFC-41A4-AB0A-87DB25848DA3}
	EndGlobalSection
EndGlobal
